// !$*UTF8*$!
{
	archiveVersion = 1;
	classes = {
	};
	objectVersion = 56;
	objects = {

/* Begin PBXBuildFile section */
		E21131CF2A1F60C9007F00A5 /* NovelAppApp.swift in Sources */ = {isa = PBXBuildFile; fileRef = E21131CE2A1F60C9007F00A5 /* NovelAppApp.swift */; };
		E21131D12A1F60C9007F00A5 /* ContentView.swift in Sources */ = {isa = PBXBuildFile; fileRef = E21131D02A1F60C9007F00A5 /* ContentView.swift */; };
		E21131D32A1F60CB007F00A5 /* Assets.xcassets in Resources */ = {isa = PBXBuildFile; fileRef = E21131D22A1F60CB007F00A5 /* Assets.xcassets */; };
		E21131D62A1F60CB007F00A5 /* Preview Assets.xcassets in Resources */ = {isa = PBXBuildFile; fileRef = E21131D52A1F60CB007F00A5 /* Preview Assets.xcassets */; };
		E21131E02A1F60CB007F00A5 /* NovelAppTests.swift in Sources */ = {isa = PBXBuildFile; fileRef = E21131DF2A1F60CB007F00A5 /* NovelAppTests.swift */; };
		E21131EA2A1F60CB007F00A5 /* NovelAppUITests.swift in Sources */ = {isa = PBXBuildFile; fileRef = E21131E92A1F60CB007F00A5 /* NovelAppUITests.swift */; };
		E21131EC2A1F60CB007F00A5 /* NovelAppUITestsLaunchTests.swift in Sources */ = {isa = PBXBuildFile; fileRef = E21131EB2A1F60CB007F00A5 /* NovelAppUITestsLaunchTests.swift */; };
/* End PBXBuildFile section */

/* Begin PBXContainerItemProxy section */
		E21131DC2A1F60CB007F00A5 /* PBXContainerItemProxy */ = {
			isa = PBXContainerItemProxy;
			containerPortal = E21131C32A1F60C9007F00A5 /* Project object */;
			proxyType = 1;
			remoteGlobalIDString = E21131CA2A1F60C9007F00A5;
			remoteInfo = NovelApp;
		};
		E21131E62A1F60CB007F00A5 /* PBXContainerItemProxy */ = {
			isa = PBXContainerItemProxy;
			containerPortal = E21131C32A1F60C9007F00A5 /* Project object */;
			proxyType = 1;
			remoteGlobalIDString = E21131CA2A1F60C9007F00A5;
			remoteInfo = NovelApp;
		};
/* End PBXContainerItemProxy section */

/* Begin PBXFileReference section */
		E21131CB2A1F60C9007F00A5 /* NovelApp.app */ = {isa = PBXFileReference; explicitFileType = wrapper.application; includeInIndex = 0; path = NovelApp.app; sourceTree = BUILT_PRODUCTS_DIR; };
		E21131CE2A1F60C9007F00A5 /* NovelAppApp.swift */ = {isa = PBXFileReference; lastKnownFileType = sourcecode.swift; path = NovelAppApp.swift; sourceTree = "<group>"; };
		E21131D02A1F60C9007F00A5 /* ContentView.swift */ = {isa = PBXFileReference; lastKnownFileType = sourcecode.swift; path = ContentView.swift; sourceTree = "<group>"; };
		E21131D22A1F60CB007F00A5 /* Assets.xcassets */ = {isa = PBXFileReference; lastKnownFileType = folder.assetcatalog; path = Assets.xcassets; sourceTree = "<group>"; };
		E21131D52A1F60CB007F00A5 /* Preview Assets.xcassets */ = {isa = PBXFileReference; lastKnownFileType = folder.assetcatalog; path = "Preview Assets.xcassets"; sourceTree = "<group>"; };
		E21131DB2A1F60CB007F00A5 /* NovelAppTests.xctest */ = {isa = PBXFileReference; explicitFileType = wrapper.cfbundle; includeInIndex = 0; path = NovelAppTests.xctest; sourceTree = BUILT_PRODUCTS_DIR; };
		E21131DF2A1F60CB007F00A5 /* NovelAppTests.swift */ = {isa = PBXFileReference; lastKnownFileType = sourcecode.swift; path = NovelAppTests.swift; sourceTree = "<group>"; };
		E21131E52A1F60CB007F00A5 /* NovelAppUITests.xctest */ = {isa = PBXFileReference; explicitFileType = wrapper.cfbundle; includeInIndex = 0; path = NovelAppUITests.xctest; sourceTree = BUILT_PRODUCTS_DIR; };
		E21131E92A1F60CB007F00A5 /* NovelAppUITests.swift */ = {isa = PBXFileReference; lastKnownFileType = sourcecode.swift; path = NovelAppUITests.swift; sourceTree = "<group>"; };
		E21131EB2A1F60CB007F00A5 /* NovelAppUITestsLaunchTests.swift */ = {isa = PBXFileReference; lastKnownFileType = sourcecode.swift; path = NovelAppUITestsLaunchTests.swift; sourceTree = "<group>"; };
/* End PBXFileReference section */

/* Begin PBXFrameworksBuildPhase section */
		E21131C82A1F60C9007F00A5 /* Frameworks */ = {
			isa = PBXFrameworksBuildPhase;
			buildActionMask = 2147483647;
			files = (
			);
			runOnlyForDeploymentPostprocessing = 0;
		};
		E21131D82A1F60CB007F00A5 /* Frameworks */ = {
			isa = PBXFrameworksBuildPhase;
			buildActionMask = 2147483647;
			files = (
			);
			runOnlyForDeploymentPostprocessing = 0;
		};
		E21131E22A1F60CB007F00A5 /* Frameworks */ = {
			isa = PBXFrameworksBuildPhase;
			buildActionMask = 2147483647;
			files = (
			);
			runOnlyForDeploymentPostprocessing = 0;
		};
/* End PBXFrameworksBuildPhase section */

/* Begin PBXGroup section */
		E21131C22A1F60C9007F00A5 = {
			isa = PBXGroup;
			children = (
				E21131CD2A1F60C9007F00A5 /* NovelApp */,
				E21131DE2A1F60CB007F00A5 /* NovelAppTests */,
				E21131E82A1F60CB007F00A5 /* NovelAppUITests */,
				E21131CC2A1F60C9007F00A5 /* Products */,
			);
			sourceTree = "<group>";
		};
		E21131CC2A1F60C9007F00A5 /* Products */ = {
			isa = PBXGroup;
			children = (
				E21131CB2A1F60C9007F00A5 /* NovelApp.app */,
				E21131DB2A1F60CB007F00A5 /* NovelAppTests.xctest */,
				E21131E52A1F60CB007F00A5 /* NovelAppUITests.xctest */,
			);
			name = Products;
			sourceTree = "<group>";
		};
		E21131CD2A1F60C9007F00A5 /* NovelApp */ = {
			isa = PBXGroup;
			children = (
				E21131CE2A1F60C9007F00A5 /* NovelAppApp.swift */,
				E21131D02A1F60C9007F00A5 /* ContentView.swift */,
				E21131D22A1F60CB007F00A5 /* Assets.xcassets */,
				E21131D42A1F60CB007F00A5 /* Preview Content */,
			);
			path = NovelApp;
			sourceTree = "<group>";
		};
		E21131D42A1F60CB007F00A5 /* Preview Content */ = {
			isa = PBXGroup;
			children = (
				E21131D52A1F60CB007F00A5 /* Preview Assets.xcassets */,
			);
			path = "Preview Content";
			sourceTree = "<group>";
		};
		E21131DE2A1F60CB007F00A5 /* NovelAppTests */ = {
			isa = PBXGroup;
			children = (
				E21131DF2A1F60CB007F00A5 /* NovelAppTests.swift */,
			);
			path = NovelAppTests;
			sourceTree = "<group>";
		};
		E21131E82A1F60CB007F00A5 /* NovelAppUITests */ = {
			isa = PBXGroup;
			children = (
				E21131E92A1F60CB007F00A5 /* NovelAppUITests.swift */,
				E21131EB2A1F60CB007F00A5 /* NovelAppUITestsLaunchTests.swift */,
			);
			path = NovelAppUITests;
			sourceTree = "<group>";
		};
/* End PBXGroup section */

/* Begin PBXNativeTarget section */
		E21131CA2A1F60C9007F00A5 /* NovelApp */ = {
			isa = PBXNativeTarget;
			buildConfigurationList = E21131EF2A1F60CB007F00A5 /* Build configuration list for PBXNativeTarget "NovelApp" */;
			buildPhases = (
				E21131C72A1F60C9007F00A5 /* Sources */,
				E21131C82A1F60C9007F00A5 /* Frameworks */,
				E21131C92A1F60C9007F00A5 /* Resources */,
			);
			buildRules = (
			);
			dependencies = (
			);
			name = NovelApp;
			productName = NovelApp;
			productReference = E21131CB2A1F60C9007F00A5 /* NovelApp.app */;
			productType = "com.apple.product-type.application";
		};
		E21131DA2A1F60CB007F00A5 /* NovelAppTests */ = {
			isa = PBXNativeTarget;
			buildConfigurationList = E21131F22A1F60CB007F00A5 /* Build configuration list for PBXNativeTarget "NovelAppTests" */;
			buildPhases = (
				E21131D72A1F60CB007F00A5 /* Sources */,
				E21131D82A1F60CB007F00A5 /* Frameworks */,
				E21131D92A1F60CB007F00A5 /* Resources */,
			);
			buildRules = (
			);
			dependencies = (
				E21131DD2A1F60CB007F00A5 /* PBXTargetDependency */,
			);
			name = NovelAppTests;
			productName = NovelAppTests;
			productReference = E21131DB2A1F60CB007F00A5 /* NovelAppTests.xctest */;
			productType = "com.apple.product-type.bundle.unit-test";
		};
		E21131E42A1F60CB007F00A5 /* NovelAppUITests */ = {
			isa = PBXNativeTarget;
			buildConfigurationList = E21131F52A1F60CB007F00A5 /* Build configuration list for PBXNativeTarget "NovelAppUITests" */;
			buildPhases = (
				E21131E12A1F60CB007F00A5 /* Sources */,
				E21131E22A1F60CB007F00A5 /* Frameworks */,
				E21131E32A1F60CB007F00A5 /* Resources */,
			);
			buildRules = (
			);
			dependencies = (
				E21131E72A1F60CB007F00A5 /* PBXTargetDependency */,
			);
			name = NovelAppUITests;
			productName = NovelAppUITests;
			productReference = E21131E52A1F60CB007F00A5 /* NovelAppUITests.xctest */;
			productType = "com.apple.product-type.bundle.ui-testing";
		};
/* End PBXNativeTarget section */

/* Begin PBXProject section */
		E21131C32A1F60C9007F00A5 /* Project object */ = {
			isa = PBXProject;
			attributes = {
				BuildIndependentTargetsInParallel = 1;
				LastSwiftUpdateCheck = 1430;
				LastUpgradeCheck = 1430;
				TargetAttributes = {
					E21131CA2A1F60C9007F00A5 = {
						CreatedOnToolsVersion = 14.3;
					};
					E21131DA2A1F60CB007F00A5 = {
						CreatedOnToolsVersion = 14.3;
						TestTargetID = E21131CA2A1F60C9007F00A5;
					};
					E21131E42A1F60CB007F00A5 = {
						CreatedOnToolsVersion = 14.3;
						TestTargetID = E21131CA2A1F60C9007F00A5;
					};
				};
			};
			buildConfigurationList = E21131C62A1F60C9007F00A5 /* Build configuration list for PBXProject "NovelApp" */;
			compatibilityVersion = "Xcode 14.0";
			developmentRegion = en;
			hasScannedForEncodings = 0;
			knownRegions = (
				en,
				Base,
			);
			mainGroup = E21131C22A1F60C9007F00A5;
			productRefGroup = E21131CC2A1F60C9007F00A5 /* Products */;
			projectDirPath = "";
			projectRoot = "";
			targets = (
				E21131CA2A1F60C9007F00A5 /* NovelApp */,
				E21131DA2A1F60CB007F00A5 /* NovelAppTests */,
				E21131E42A1F60CB007F00A5 /* NovelAppUITests */,
			);
		};
/* End PBXProject section */

/* Begin PBXResourcesBuildPhase section */
		E21131C92A1F60C9007F00A5 /* Resources */ = {
			isa = PBXResourcesBuildPhase;
			buildActionMask = 2147483647;
			files = (
				E21131D62A1F60CB007F00A5 /* Preview Assets.xcassets in Resources */,
				E21131D32A1F60CB007F00A5 /* Assets.xcassets in Resources */,
			);
			runOnlyForDeploymentPostprocessing = 0;
		};
		E21131D92A1F60CB007F00A5 /* Resources */ = {
			isa = PBXResourcesBuildPhase;
			buildActionMask = 2147483647;
			files = (
			);
			runOnlyForDeploymentPostprocessing = 0;
		};
		E21131E32A1F60CB007F00A5 /* Resources */ = {
			isa = PBXResourcesBuildPhase;
			buildActionMask = 2147483647;
			files = (
			);
			runOnlyForDeploymentPostprocessing = 0;
		};
/* End PBXResourcesBuildPhase section */

/* Begin PBXSourcesBuildPhase section */
		E21131C72A1F60C9007F00A5 /* Sources */ = {
			isa = PBXSourcesBuildPhase;
			buildActionMask = 2147483647;
			files = (
				E21131D12A1F60C9007F00A5 /* ContentView.swift in Sources */,
				E21131CF2A1F60C9007F00A5 /* NovelAppApp.swift in Sources */,
			);
			runOnlyForDeploymentPostprocessing = 0;
		};
		E21131D72A1F60CB007F00A5 /* Sources */ = {
			isa = PBXSourcesBuildPhase;
			buildActionMask = 2147483647;
			files = (
				E21131E02A1F60CB007F00A5 /* NovelAppTests.swift in Sources */,
			);
			runOnlyForDeploymentPostprocessing = 0;
		};
		E21131E12A1F60CB007F00A5 /* Sources */ = {
			isa = PBXSourcesBuildPhase;
			buildActionMask = 2147483647;
			files = (
				E21131EC2A1F60CB007F00A5 /* NovelAppUITestsLaunchTests.swift in Sources */,
				E21131EA2A1F60CB007F00A5 /* NovelAppUITests.swift in Sources */,
			);
			runOnlyForDeploymentPostprocessing = 0;
		};
/* End PBXSourcesBuildPhase section */

/* Begin PBXTargetDependency section */
		E21131DD2A1F60CB007F00A5 /* PBXTargetDependency */ = {
			isa = PBXTargetDependency;
			target = E21131CA2A1F60C9007F00A5 /* NovelApp */;
			targetProxy = E21131DC2A1F60CB007F00A5 /* PBXContainerItemProxy */;
		};
		E21131E72A1F60CB007F00A5 /* PBXTargetDependency */ = {
			isa = PBXTargetDependency;
			target = E21131CA2A1F60C9007F00A5 /* NovelApp */;
			targetProxy = E21131E62A1F60CB007F00A5 /* PBXContainerItemProxy */;
		};
/* End PBXTargetDependency section */

/* Begin XCBuildConfiguration section */
		E21131ED2A1F60CB007F00A5 /* Debug */ = {
			isa = XCBuildConfiguration;
			buildSettings = {
				ALWAYS_SEARCH_USER_PATHS = NO;
				CLANG_ANALYZER_NONNULL = YES;
				CLANG_ANALYZER_NUMBER_OBJECT_CONVERSION = YES_AGGRESSIVE;
				CLANG_CXX_LANGUAGE_STANDARD = "gnu++20";
				CLANG_ENABLE_MODULES = YES;
				CLANG_ENABLE_OBJC_ARC = YES;
				CLANG_ENABLE_OBJC_WEAK = YES;
				CLANG_WARN_BLOCK_CAPTURE_AUTORELEASING = YES;
				CLANG_WARN_BOOL_CONVERSION = YES;
				CLANG_WARN_COMMA = YES;
				CLANG_WARN_CONSTANT_CONVERSION = YES;
				CLANG_WARN_DEPRECATED_OBJC_IMPLEMENTATIONS = YES;
				CLANG_WARN_DIRECT_OBJC_ISA_USAGE = YES_ERROR;
				CLANG_WARN_DOCUMENTATION_COMMENTS = YES;
				CLANG_WARN_EMPTY_BODY = YES;
				CLANG_WARN_ENUM_CONVERSION = YES;
				CLANG_WARN_INFINITE_RECURSION = YES;
				CLANG_WARN_INT_CONVERSION = YES;
				CLANG_WARN_NON_LITERAL_NULL_CONVERSION = YES;
				CLANG_WARN_OBJC_IMPLICIT_RETAIN_SELF = YES;
				CLANG_WARN_OBJC_LITERAL_CONVERSION = YES;
				CLANG_WARN_OBJC_ROOT_CLASS = YES_ERROR;
				CLANG_WARN_QUOTED_INCLUDE_IN_FRAMEWORK_HEADER = YES;
				CLANG_WARN_RANGE_LOOP_ANALYSIS = YES;
				CLANG_WARN_STRICT_PROTOTYPES = YES;
				CLANG_WARN_SUSPICIOUS_MOVE = YES;
				CLANG_WARN_UNGUARDED_AVAILABILITY = YES_AGGRESSIVE;
				CLANG_WARN_UNREACHABLE_CODE = YES;
				CLANG_WARN__DUPLICATE_METHOD_MATCH = YES;
				COPY_PHASE_STRIP = NO;
				DEBUG_INFORMATION_FORMAT = dwarf;
				ENABLE_STRICT_OBJC_MSGSEND = YES;
				ENABLE_TESTABILITY = YES;
				GCC_C_LANGUAGE_STANDARD = gnu11;
				GCC_DYNAMIC_NO_PIC = NO;
				GCC_NO_COMMON_BLOCKS = YES;
				GCC_OPTIMIZATION_LEVEL = 0;
				GCC_PREPROCESSOR_DEFINITIONS = (
					"DEBUG=1",
					"$(inherited)",
				);
				GCC_WARN_64_TO_32_BIT_CONVERSION = YES;
				GCC_WARN_ABOUT_RETURN_TYPE = YES_ERROR;
				GCC_WARN_UNDECLARED_SELECTOR = YES;
				GCC_WARN_UNINITIALIZED_AUTOS = YES_AGGRESSIVE;
				GCC_WARN_UNUSED_FUNCTION = YES;
				GCC_WARN_UNUSED_VARIABLE = YES;
				IPHONEOS_DEPLOYMENT_TARGET = 16.4;
				MTL_ENABLE_DEBUG_INFO = INCLUDE_SOURCE;
				MTL_FAST_MATH = YES;
				ONLY_ACTIVE_ARCH = YES;
				SDKROOT = iphoneos;
				SWIFT_ACTIVE_COMPILATION_CONDITIONS = DEBUG;
				SWIFT_OPTIMIZATION_LEVEL = "-Onone";
			};
			name = Debug;
		};
		E21131EE2A1F60CB007F00A5 /* Release */ = {
			isa = XCBuildConfiguration;
			buildSettings = {
				ALWAYS_SEARCH_USER_PATHS = NO;
				CLANG_ANALYZER_NONNULL = YES;
				CLANG_ANALYZER_NUMBER_OBJECT_CONVERSION = YES_AGGRESSIVE;
				CLANG_CXX_LANGUAGE_STANDARD = "gnu++20";
				CLANG_ENABLE_MODULES = YES;
				CLANG_ENABLE_OBJC_ARC = YES;
				CLANG_ENABLE_OBJC_WEAK = YES;
				CLANG_WARN_BLOCK_CAPTURE_AUTORELEASING = YES;
				CLANG_WARN_BOOL_CONVERSION = YES;
				CLANG_WARN_COMMA = YES;
				CLANG_WARN_CONSTANT_CONVERSION = YES;
				CLANG_WARN_DEPRECATED_OBJC_IMPLEMENTATIONS = YES;
				CLANG_WARN_DIRECT_OBJC_ISA_USAGE = YES_ERROR;
				CLANG_WARN_DOCUMENTATION_COMMENTS = YES;
				CLANG_WARN_EMPTY_BODY = YES;
				CLANG_WARN_ENUM_CONVERSION = YES;
				CLANG_WARN_INFINITE_RECURSION = YES;
				CLANG_WARN_INT_CONVERSION = YES;
				CLANG_WARN_NON_LITERAL_NULL_CONVERSION = YES;
				CLANG_WARN_OBJC_IMPLICIT_RETAIN_SELF = YES;
				CLANG_WARN_OBJC_LITERAL_CONVERSION = YES;
				CLANG_WARN_OBJC_ROOT_CLASS = YES_ERROR;
				CLANG_WARN_QUOTED_INCLUDE_IN_FRAMEWORK_HEADER = YES;
				CLANG_WARN_RANGE_LOOP_ANALYSIS = YES;
				CLANG_WARN_STRICT_PROTOTYPES = YES;
				CLANG_WARN_SUSPICIOUS_MOVE = YES;
				CLANG_WARN_UNGUARDED_AVAILABILITY = YES_AGGRESSIVE;
				CLANG_WARN_UNREACHABLE_CODE = YES;
				CLANG_WARN__DUPLICATE_METHOD_MATCH = YES;
				COPY_PHASE_STRIP = NO;
				DEBUG_INFORMATION_FORMAT = "dwarf-with-dsym";
				ENABLE_NS_ASSERTIONS = NO;
				ENABLE_STRICT_OBJC_MSGSEND = YES;
				GCC_C_LANGUAGE_STANDARD = gnu11;
				GCC_NO_COMMON_BLOCKS = YES;
				GCC_WARN_64_TO_32_BIT_CONVERSION = YES;
				GCC_WARN_ABOUT_RETURN_TYPE = YES_ERROR;
				GCC_WARN_UNDECLARED_SELECTOR = YES;
				GCC_WARN_UNINITIALIZED_AUTOS = YES_AGGRESSIVE;
				GCC_WARN_UNUSED_FUNCTION = YES;
				GCC_WARN_UNUSED_VARIABLE = YES;
				IPHONEOS_DEPLOYMENT_TARGET = 16.4;
				MTL_ENABLE_DEBUG_INFO = NO;
				MTL_FAST_MATH = YES;
				SDKROOT = iphoneos;
				SWIFT_COMPILATION_MODE = wholemodule;
				SWIFT_OPTIMIZATION_LEVEL = "-O";
				VALIDATE_PRODUCT = YES;
			};
			name = Release;
		};
		E21131F02A1F60CB007F00A5 /* Debug */ = {
			isa = XCBuildConfiguration;
			buildSettings = {
				ASSETCATALOG_COMPILER_APPICON_NAME = AppIcon;
				ASSETCATALOG_COMPILER_GLOBAL_ACCENT_COLOR_NAME = AccentColor;
				CODE_SIGN_STYLE = Automatic;
				CURRENT_PROJECT_VERSION = 1;
				DEVELOPMENT_ASSET_PATHS = "\"NovelApp/Preview Content\"";
				DEVELOPMENT_TEAM = KPJ84PFU9W;
				ENABLE_PREVIEWS = YES;
				GENERATE_INFOPLIST_FILE = YES;
				INFOPLIST_KEY_UIApplicationSceneManifest_Generation = YES;
				INFOPLIST_KEY_UIApplicationSupportsIndirectInputEvents = YES;
				INFOPLIST_KEY_UILaunchScreen_Generation = YES;
				INFOPLIST_KEY_UISupportedInterfaceOrientations_iPad = "UIInterfaceOrientationPortrait UIInterfaceOrientationPortraitUpsideDown UIInterfaceOrientationLandscapeLeft UIInterfaceOrientationLandscapeRight";
				INFOPLIST_KEY_UISupportedInterfaceOrientations_iPhone = "UIInterfaceOrientationPortrait UIInterfaceOrientationLandscapeLeft UIInterfaceOrientationLandscapeRight";
				LD_RUNPATH_SEARCH_PATHS = (
					"$(inherited)",
					"@executable_path/Frameworks",
				);
				MARKETING_VERSION = 1.0;
				PRODUCT_BUNDLE_IDENTIFIER = fr.renaudcosson.com.NovelApp;
				PRODUCT_NAME = "$(TARGET_NAME)";
				SWIFT_EMIT_LOC_STRINGS = YES;
				SWIFT_VERSION = 5.0;
				TARGETED_DEVICE_FAMILY = "1,2";
			};
			name = Debug;
		};
		E21131F12A1F60CB007F00A5 /* Release */ = {
			isa = XCBuildConfiguration;
			buildSettings = {
				ASSETCATALOG_COMPILER_APPICON_NAME = AppIcon;
				ASSETCATALOG_COMPILER_GLOBAL_ACCENT_COLOR_NAME = AccentColor;
				CODE_SIGN_STYLE = Automatic;
				CURRENT_PROJECT_VERSION = 1;
				DEVELOPMENT_ASSET_PATHS = "\"NovelApp/Preview Content\"";
				DEVELOPMENT_TEAM = KPJ84PFU9W;
				ENABLE_PREVIEWS = YES;
				GENERATE_INFOPLIST_FILE = YES;
				INFOPLIST_KEY_UIApplicationSceneManifest_Generation = YES;
				INFOPLIST_KEY_UIApplicationSupportsIndirectInputEvents = YES;
				INFOPLIST_KEY_UILaunchScreen_Generation = YES;
				INFOPLIST_KEY_UISupportedInterfaceOrientations_iPad = "UIInterfaceOrientationPortrait UIInterfaceOrientationPortraitUpsideDown UIInterfaceOrientationLandscapeLeft UIInterfaceOrientationLandscapeRight";
				INFOPLIST_KEY_UISupportedInterfaceOrientations_iPhone = "UIInterfaceOrientationPortrait UIInterfaceOrientationLandscapeLeft UIInterfaceOrientationLandscapeRight";
				LD_RUNPATH_SEARCH_PATHS = (
					"$(inherited)",
					"@executable_path/Frameworks",
				);
				MARKETING_VERSION = 1.0;
				PRODUCT_BUNDLE_IDENTIFIER = fr.renaudcosson.com.NovelApp;
				PRODUCT_NAME = "$(TARGET_NAME)";
				SWIFT_EMIT_LOC_STRINGS = YES;
				SWIFT_VERSION = 5.0;
				TARGETED_DEVICE_FAMILY = "1,2";
			};
			name = Release;
		};
		E21131F32A1F60CB007F00A5 /* Debug */ = {
			isa = XCBuildConfiguration;
			buildSettings = {
				ALWAYS_EMBED_SWIFT_STANDARD_LIBRARIES = YES;
				BUNDLE_LOADER = "$(TEST_HOST)";
				CODE_SIGN_STYLE = Automatic;
				CURRENT_PROJECT_VERSION = 1;
				DEVELOPMENT_TEAM = KPJ84PFU9W;
				GENERATE_INFOPLIST_FILE = YES;
				IPHONEOS_DEPLOYMENT_TARGET = 16.4;
				MARKETING_VERSION = 1.0;
				PRODUCT_BUNDLE_IDENTIFIER = fr.renaudcosson.com.NovelAppTests;
				PRODUCT_NAME = "$(TARGET_NAME)";
				SWIFT_EMIT_LOC_STRINGS = NO;
				SWIFT_VERSION = 5.0;
				TARGETED_DEVICE_FAMILY = "1,2";
				TEST_HOST = "$(BUILT_PRODUCTS_DIR)/NovelApp.app/$(BUNDLE_EXECUTABLE_FOLDER_PATH)/NovelApp";
			};
			name = Debug;
		};
		E21131F42A1F60CB007F00A5 /* Release */ = {
			isa = XCBuildConfiguration;
			buildSettings = {
				ALWAYS_EMBED_SWIFT_STANDARD_LIBRARIES = YES;
				BUNDLE_LOADER = "$(TEST_HOST)";
				CODE_SIGN_STYLE = Automatic;
				CURRENT_PROJECT_VERSION = 1;
				DEVELOPMENT_TEAM = KPJ84PFU9W;
				GENERATE_INFOPLIST_FILE = YES;
				IPHONEOS_DEPLOYMENT_TARGET = 16.4;
				MARKETING_VERSION = 1.0;
				PRODUCT_BUNDLE_IDENTIFIER = fr.renaudcosson.com.NovelAppTests;
				PRODUCT_NAME = "$(TARGET_NAME)";
				SWIFT_EMIT_LOC_STRINGS = NO;
				SWIFT_VERSION = 5.0;
				TARGETED_DEVICE_FAMILY = "1,2";
				TEST_HOST = "$(BUILT_PRODUCTS_DIR)/NovelApp.app/$(BUNDLE_EXECUTABLE_FOLDER_PATH)/NovelApp";
			};
			name = Release;
		};
		E21131F62A1F60CB007F00A5 /* Debug */ = {
			isa = XCBuildConfiguration;
			buildSettings = {
				ALWAYS_EMBED_SWIFT_STANDARD_LIBRARIES = YES;
				CODE_SIGN_STYLE = Automatic;
				CURRENT_PROJECT_VERSION = 1;
				DEVELOPMENT_TEAM = KPJ84PFU9W;
				GENERATE_INFOPLIST_FILE = YES;
				MARKETING_VERSION = 1.0;
				PRODUCT_BUNDLE_IDENTIFIER = fr.renaudcosson.com.NovelAppUITests;
				PRODUCT_NAME = "$(TARGET_NAME)";
				SWIFT_EMIT_LOC_STRINGS = NO;
				SWIFT_VERSION = 5.0;
				TARGETED_DEVICE_FAMILY = "1,2";
				TEST_TARGET_NAME = NovelApp;
			};
			name = Debug;
		};
		E21131F72A1F60CB007F00A5 /* Release */ = {
			isa = XCBuildConfiguration;
			buildSettings = {
				ALWAYS_EMBED_SWIFT_STANDARD_LIBRARIES = YES;
				CODE_SIGN_STYLE = Automatic;
				CURRENT_PROJECT_VERSION = 1;
				DEVELOPMENT_TEAM = KPJ84PFU9W;
				GENERATE_INFOPLIST_FILE = YES;
				MARKETING_VERSION = 1.0;
				PRODUCT_BUNDLE_IDENTIFIER = fr.renaudcosson.com.NovelAppUITests;
				PRODUCT_NAME = "$(TARGET_NAME)";
				SWIFT_EMIT_LOC_STRINGS = NO;
				SWIFT_VERSION = 5.0;
				TARGETED_DEVICE_FAMILY = "1,2";
				TEST_TARGET_NAME = NovelApp;
			};
			name = Release;
		};
/* End XCBuildConfiguration section */

/* Begin XCConfigurationList section */
		E21131C62A1F60C9007F00A5 /* Build configuration list for PBXProject "NovelApp" */ = {
			isa = XCConfigurationList;
			buildConfigurations = (
				E21131ED2A1F60CB007F00A5 /* Debug */,
				E21131EE2A1F60CB007F00A5 /* Release */,
			);
			defaultConfigurationIsVisible = 0;
			defaultConfigurationName = Release;
		};
		E21131EF2A1F60CB007F00A5 /* Build configuration list for PBXNativeTarget "NovelApp" */ = {
			isa = XCConfigurationList;
			buildConfigurations = (
				E21131F02A1F60CB007F00A5 /* Debug */,
				E21131F12A1F60CB007F00A5 /* Release */,
			);
			defaultConfigurationIsVisible = 0;
			defaultConfigurationName = Release;
		};
		E21131F22A1F60CB007F00A5 /* Build configuration list for PBXNativeTarget "NovelAppTests" */ = {
			isa = XCConfigurationList;
			buildConfigurations = (
				E21131F32A1F60CB007F00A5 /* Debug */,
				E21131F42A1F60CB007F00A5 /* Release */,
			);
			defaultConfigurationIsVisible = 0;
			defaultConfigurationName = Release;
		};
		E21131F52A1F60CB007F00A5 /* Build configuration list for PBXNativeTarget "NovelAppUITests" */ = {
			isa = XCConfigurationList;
			buildConfigurations = (
				E21131F62A1F60CB007F00A5 /* Debug */,
				E21131F72A1F60CB007F00A5 /* Release */,
			);
			defaultConfigurationIsVisible = 0;
			defaultConfigurationName = Release;
		};
/* End XCConfigurationList section */
	};
	rootObject = E21131C32A1F60C9007F00A5 /* Project object */;
}
