// !$*UTF8*$!
{
	archiveVersion = 1;
	classes = {
	};
	objectVersion = 56;
	objects = {

/* Begin PBXBuildFile section */
		E21131CF2A1F60C9007F00A5 /* NovelAppApp.swift in Sources */ = {isa = PBXBuildFile; fileRef = E21131CE2A1F60C9007F00A5 /* NovelAppApp.swift */; };
		E21131D32A1F60CB007F00A5 /* Assets.xcassets in Resources */ = {isa = PBXBuildFile; fileRef = E21131D22A1F60CB007F00A5 /* Assets.xcassets */; };
		E21131D62A1F60CB007F00A5 /* Preview Assets.xcassets in Resources */ = {isa = PBXBuildFile; fileRef = E21131D52A1F60CB007F00A5 /* Preview Assets.xcassets */; };
		E21131E02A1F60CB007F00A5 /* EventsTests.swift in Sources */ = {isa = PBXBuildFile; fileRef = E21131DF2A1F60CB007F00A5 /* EventsTests.swift */; };
		E268C0812A1F688900B15022 /* events.json in Resources */ = {isa = PBXBuildFile; fileRef = E268C0802A1F688900B15022 /* events.json */; };
		E268C0842A1F690B00B15022 /* FakeResponseData.swift in Sources */ = {isa = PBXBuildFile; fileRef = E268C0832A1F690B00B15022 /* FakeResponseData.swift */; };
		E268C0872A1F692600B15022 /* URL.swift in Sources */ = {isa = PBXBuildFile; fileRef = E268C0862A1F692600B15022 /* URL.swift */; };
		E268C08B2A1F698600B15022 /* URL.swift in Sources */ = {isa = PBXBuildFile; fileRef = E268C08A2A1F698600B15022 /* URL.swift */; };
		E268C08E2A1F6A6C00B15022 /* URLSessionFake.swift in Sources */ = {isa = PBXBuildFile; fileRef = E268C08D2A1F6A6C00B15022 /* URLSessionFake.swift */; };
		E268C0942A1F6B1500B15022 /* EventService.swift in Sources */ = {isa = PBXBuildFile; fileRef = E268C0932A1F6B1500B15022 /* EventService.swift */; };
		E268C0972A1F6B4800B15022 /* EventsResponse.swift in Sources */ = {isa = PBXBuildFile; fileRef = E268C0962A1F6B4800B15022 /* EventsResponse.swift */; };
		E268C09B2A1F730B00B15022 /* NetworkError.swift in Sources */ = {isa = PBXBuildFile; fileRef = E268C09A2A1F730B00B15022 /* NetworkError.swift */; };
		E268C09D2A1F733400B15022 /* NetworkService.swift in Sources */ = {isa = PBXBuildFile; fileRef = E268C09C2A1F733400B15022 /* NetworkService.swift */; };
		E268C0A02A1F8D8600B15022 /* APIKeys.swift in Sources */ = {isa = PBXBuildFile; fileRef = E268C09F2A1F8D8600B15022 /* APIKeys.swift */; };
		E268C0A42A1FA2CA00B15022 /* eventsDetail.json in Resources */ = {isa = PBXBuildFile; fileRef = E268C0A32A1FA2CA00B15022 /* eventsDetail.json */; };
		E268C0A62A1FA53700B15022 /* Keys.swift in Sources */ = {isa = PBXBuildFile; fileRef = E268C0A52A1FA53700B15022 /* Keys.swift */; };
		E268C0A92A1FAA2D00B15022 /* EventsManager.swift in Sources */ = {isa = PBXBuildFile; fileRef = E268C0A82A1FAA2D00B15022 /* EventsManager.swift */; };
		E268C0AB2A1FAB5800B15022 /* LoadEventType.swift in Sources */ = {isa = PBXBuildFile; fileRef = E268C0AA2A1FAB5800B15022 /* LoadEventType.swift */; };
		E268C0AF2A1FABFC00B15022 /* HomeViewModel.swift in Sources */ = {isa = PBXBuildFile; fileRef = E268C0AE2A1FABFC00B15022 /* HomeViewModel.swift */; };
		E268C0B12A1FAC0300B15022 /* HomeView.swift in Sources */ = {isa = PBXBuildFile; fileRef = E268C0B02A1FAC0300B15022 /* HomeView.swift */; };
		E268C0B32A1FAD9100B15022 /* Error.swift in Sources */ = {isa = PBXBuildFile; fileRef = E268C0B22A1FAD9100B15022 /* Error.swift */; };
		E268C0B52A1FAF2700B15022 /* TypeRequest.swift in Sources */ = {isa = PBXBuildFile; fileRef = E268C0B42A1FAF2700B15022 /* TypeRequest.swift */; };
		E268C0B82A1FB66400B15022 /* events.json in Resources */ = {isa = PBXBuildFile; fileRef = E268C0B72A1FB66400B15022 /* events.json */; };
		E268C0BA2A1FB67700B15022 /* eventsDetail.json in Resources */ = {isa = PBXBuildFile; fileRef = E268C0B92A1FB67700B15022 /* eventsDetail.json */; };
		E268C0BD2A1FB6DA00B15022 /* CardStructView.swift in Sources */ = {isa = PBXBuildFile; fileRef = E268C0BC2A1FB6DA00B15022 /* CardStructView.swift */; };
		E268C0C02A1FB70E00B15022 /* Metrics.swift in Sources */ = {isa = PBXBuildFile; fileRef = E268C0BF2A1FB70E00B15022 /* Metrics.swift */; };
		E268C0C22A1FB73D00B15022 /* Colors.swift in Sources */ = {isa = PBXBuildFile; fileRef = E268C0C12A1FB73D00B15022 /* Colors.swift */; };
		E268C0C42A1FB77D00B15022 /* Fonts.swift in Sources */ = {isa = PBXBuildFile; fileRef = E268C0C32A1FB77D00B15022 /* Fonts.swift */; };
		E268C0C82A1FBA5F00B15022 /* ParsingUtils.swift in Sources */ = {isa = PBXBuildFile; fileRef = E268C0C72A1FBA5F00B15022 /* ParsingUtils.swift */; };
		E268C0CB2A1FBCFA00B15022 /* Kingfisher in Frameworks */ = {isa = PBXBuildFile; productRef = E268C0CA2A1FBCFA00B15022 /* Kingfisher */; };
		E268C0CD2A1FBF8800B15022 /* Icons.swift in Sources */ = {isa = PBXBuildFile; fileRef = E268C0CC2A1FBF8800B15022 /* Icons.swift */; };
		E268C0D02A1FCC7700B15022 /* DetailView.swift in Sources */ = {isa = PBXBuildFile; fileRef = E268C0CF2A1FCC7700B15022 /* DetailView.swift */; };
		E268C0D22A1FCC8000B15022 /* DetailViewModel.swift in Sources */ = {isa = PBXBuildFile; fileRef = E268C0D12A1FCC8000B15022 /* DetailViewModel.swift */; };
		E268C0D62A1FCFE800B15022 /* UtilsTest.swift in Sources */ = {isa = PBXBuildFile; fileRef = E268C0D52A1FCFE800B15022 /* UtilsTest.swift */; };
/* End PBXBuildFile section */

/* Begin PBXContainerItemProxy section */
		E21131DC2A1F60CB007F00A5 /* PBXContainerItemProxy */ = {
			isa = PBXContainerItemProxy;
			containerPortal = E21131C32A1F60C9007F00A5 /* Project object */;
			proxyType = 1;
			remoteGlobalIDString = E21131CA2A1F60C9007F00A5;
			remoteInfo = NovelApp;
		};
/* End PBXContainerItemProxy section */

/* Begin PBXFileReference section */
		E21131CB2A1F60C9007F00A5 /* NovelApp.app */ = {isa = PBXFileReference; explicitFileType = wrapper.application; includeInIndex = 0; path = NovelApp.app; sourceTree = BUILT_PRODUCTS_DIR; };
		E21131CE2A1F60C9007F00A5 /* NovelAppApp.swift */ = {isa = PBXFileReference; lastKnownFileType = sourcecode.swift; path = NovelAppApp.swift; sourceTree = "<group>"; };
		E21131D22A1F60CB007F00A5 /* Assets.xcassets */ = {isa = PBXFileReference; lastKnownFileType = folder.assetcatalog; path = Assets.xcassets; sourceTree = "<group>"; };
		E21131D52A1F60CB007F00A5 /* Preview Assets.xcassets */ = {isa = PBXFileReference; lastKnownFileType = folder.assetcatalog; path = "Preview Assets.xcassets"; sourceTree = "<group>"; };
		E21131DB2A1F60CB007F00A5 /* NovelAppTests.xctest */ = {isa = PBXFileReference; explicitFileType = wrapper.cfbundle; includeInIndex = 0; path = NovelAppTests.xctest; sourceTree = BUILT_PRODUCTS_DIR; };
		E21131DF2A1F60CB007F00A5 /* EventsTests.swift */ = {isa = PBXFileReference; lastKnownFileType = sourcecode.swift; path = EventsTests.swift; sourceTree = "<group>"; };
		E268C0802A1F688900B15022 /* events.json */ = {isa = PBXFileReference; lastKnownFileType = text.json; path = events.json; sourceTree = "<group>"; };
		E268C0832A1F690B00B15022 /* FakeResponseData.swift */ = {isa = PBXFileReference; lastKnownFileType = sourcecode.swift; path = FakeResponseData.swift; sourceTree = "<group>"; };
		E268C0862A1F692600B15022 /* URL.swift */ = {isa = PBXFileReference; lastKnownFileType = sourcecode.swift; path = URL.swift; sourceTree = "<group>"; };
		E268C08A2A1F698600B15022 /* URL.swift */ = {isa = PBXFileReference; lastKnownFileType = sourcecode.swift; path = URL.swift; sourceTree = "<group>"; };
		E268C08D2A1F6A6C00B15022 /* URLSessionFake.swift */ = {isa = PBXFileReference; lastKnownFileType = sourcecode.swift; path = URLSessionFake.swift; sourceTree = "<group>"; };
		E268C0932A1F6B1500B15022 /* EventService.swift */ = {isa = PBXFileReference; lastKnownFileType = sourcecode.swift; path = EventService.swift; sourceTree = "<group>"; };
		E268C0962A1F6B4800B15022 /* EventsResponse.swift */ = {isa = PBXFileReference; lastKnownFileType = sourcecode.swift; path = EventsResponse.swift; sourceTree = "<group>"; };
		E268C09A2A1F730B00B15022 /* NetworkError.swift */ = {isa = PBXFileReference; lastKnownFileType = sourcecode.swift; path = NetworkError.swift; sourceTree = "<group>"; };
		E268C09C2A1F733400B15022 /* NetworkService.swift */ = {isa = PBXFileReference; lastKnownFileType = sourcecode.swift; path = NetworkService.swift; sourceTree = "<group>"; };
		E268C09E2A1F8D2A00B15022 /* Info.plist */ = {isa = PBXFileReference; lastKnownFileType = text.plist; path = Info.plist; sourceTree = "<group>"; };
		E268C09F2A1F8D8600B15022 /* APIKeys.swift */ = {isa = PBXFileReference; lastKnownFileType = sourcecode.swift; path = APIKeys.swift; sourceTree = "<group>"; };
		E268C0A32A1FA2CA00B15022 /* eventsDetail.json */ = {isa = PBXFileReference; lastKnownFileType = text.json; path = eventsDetail.json; sourceTree = "<group>"; };
		E268C0A52A1FA53700B15022 /* Keys.swift */ = {isa = PBXFileReference; lastKnownFileType = sourcecode.swift; path = Keys.swift; sourceTree = "<group>"; };
		E268C0A82A1FAA2D00B15022 /* EventsManager.swift */ = {isa = PBXFileReference; lastKnownFileType = sourcecode.swift; path = EventsManager.swift; sourceTree = "<group>"; };
		E268C0AA2A1FAB5800B15022 /* LoadEventType.swift */ = {isa = PBXFileReference; lastKnownFileType = sourcecode.swift; path = LoadEventType.swift; sourceTree = "<group>"; };
		E268C0AE2A1FABFC00B15022 /* HomeViewModel.swift */ = {isa = PBXFileReference; lastKnownFileType = sourcecode.swift; path = HomeViewModel.swift; sourceTree = "<group>"; };
		E268C0B02A1FAC0300B15022 /* HomeView.swift */ = {isa = PBXFileReference; lastKnownFileType = sourcecode.swift; path = HomeView.swift; sourceTree = "<group>"; };
		E268C0B22A1FAD9100B15022 /* Error.swift */ = {isa = PBXFileReference; lastKnownFileType = sourcecode.swift; path = Error.swift; sourceTree = "<group>"; };
		E268C0B42A1FAF2700B15022 /* TypeRequest.swift */ = {isa = PBXFileReference; lastKnownFileType = sourcecode.swift; path = TypeRequest.swift; sourceTree = "<group>"; };
		E268C0B72A1FB66400B15022 /* events.json */ = {isa = PBXFileReference; lastKnownFileType = text.json; path = events.json; sourceTree = "<group>"; };
		E268C0B92A1FB67700B15022 /* eventsDetail.json */ = {isa = PBXFileReference; lastKnownFileType = text.json; path = eventsDetail.json; sourceTree = "<group>"; };
		E268C0BC2A1FB6DA00B15022 /* CardStructView.swift */ = {isa = PBXFileReference; lastKnownFileType = sourcecode.swift; path = CardStructView.swift; sourceTree = "<group>"; };
		E268C0BF2A1FB70E00B15022 /* Metrics.swift */ = {isa = PBXFileReference; lastKnownFileType = sourcecode.swift; path = Metrics.swift; sourceTree = "<group>"; };
		E268C0C12A1FB73D00B15022 /* Colors.swift */ = {isa = PBXFileReference; lastKnownFileType = sourcecode.swift; path = Colors.swift; sourceTree = "<group>"; };
		E268C0C32A1FB77D00B15022 /* Fonts.swift */ = {isa = PBXFileReference; lastKnownFileType = sourcecode.swift; path = Fonts.swift; sourceTree = "<group>"; };
		E268C0C72A1FBA5F00B15022 /* ParsingUtils.swift */ = {isa = PBXFileReference; lastKnownFileType = sourcecode.swift; path = ParsingUtils.swift; sourceTree = "<group>"; };
		E268C0CC2A1FBF8800B15022 /* Icons.swift */ = {isa = PBXFileReference; lastKnownFileType = sourcecode.swift; path = Icons.swift; sourceTree = "<group>"; };
		E268C0CF2A1FCC7700B15022 /* DetailView.swift */ = {isa = PBXFileReference; lastKnownFileType = sourcecode.swift; path = DetailView.swift; sourceTree = "<group>"; };
		E268C0D12A1FCC8000B15022 /* DetailViewModel.swift */ = {isa = PBXFileReference; lastKnownFileType = sourcecode.swift; path = DetailViewModel.swift; sourceTree = "<group>"; };
		E268C0D52A1FCFE800B15022 /* UtilsTest.swift */ = {isa = PBXFileReference; lastKnownFileType = sourcecode.swift; path = UtilsTest.swift; sourceTree = "<group>"; };
/* End PBXFileReference section */

/* Begin PBXFrameworksBuildPhase section */
		E21131C82A1F60C9007F00A5 /* Frameworks */ = {
			isa = PBXFrameworksBuildPhase;
			buildActionMask = 2147483647;
			files = (
				E268C0CB2A1FBCFA00B15022 /* Kingfisher in Frameworks */,
			);
			runOnlyForDeploymentPostprocessing = 0;
		};
		E21131D82A1F60CB007F00A5 /* Frameworks */ = {
			isa = PBXFrameworksBuildPhase;
			buildActionMask = 2147483647;
			files = (
			);
			runOnlyForDeploymentPostprocessing = 0;
		};
/* End PBXFrameworksBuildPhase section */

/* Begin PBXGroup section */
		E21131C22A1F60C9007F00A5 = {
			isa = PBXGroup;
			children = (
				E21131CD2A1F60C9007F00A5 /* NovelApp */,
				E21131DE2A1F60CB007F00A5 /* NovelAppTests */,
				E21131CC2A1F60C9007F00A5 /* Products */,
			);
			sourceTree = "<group>";
		};
		E21131CC2A1F60C9007F00A5 /* Products */ = {
			isa = PBXGroup;
			children = (
				E21131CB2A1F60C9007F00A5 /* NovelApp.app */,
				E21131DB2A1F60CB007F00A5 /* NovelAppTests.xctest */,
			);
			name = Products;
			sourceTree = "<group>";
		};
		E21131CD2A1F60C9007F00A5 /* NovelApp */ = {
			isa = PBXGroup;
			children = (
				E268C0B62A1FB64F00B15022 /* MockData */,
				E268C0922A1F6B0900B15022 /* Services */,
				E268C0A72A1FAA2000B15022 /* Managers */,
				E268C0952A1F6B3B00B15022 /* Models */,
				E268C0AC2A1FABEC00B15022 /* Views */,
				E21131CE2A1F60C9007F00A5 /* NovelAppApp.swift */,
				E268C09E2A1F8D2A00B15022 /* Info.plist */,
				E21131D22A1F60CB007F00A5 /* Assets.xcassets */,
				E268C0C62A1FBA4D00B15022 /* Utils */,
				E268C0BE2A1FB6E600B15022 /* Style */,
				E268C0992A1F72F600B15022 /* enums */,
				E268C0852A1F691D00B15022 /* Constantes */,
				E21131D42A1F60CB007F00A5 /* Preview Content */,
			);
			path = NovelApp;
			sourceTree = "<group>";
		};
		E21131D42A1F60CB007F00A5 /* Preview Content */ = {
			isa = PBXGroup;
			children = (
				E21131D52A1F60CB007F00A5 /* Preview Assets.xcassets */,
			);
			path = "Preview Content";
			sourceTree = "<group>";
		};
		E21131DE2A1F60CB007F00A5 /* NovelAppTests */ = {
			isa = PBXGroup;
			children = (
				E268C08F2A1F6ACA00B15022 /* Tests */,
				E268C0892A1F697D00B15022 /* Constantes */,
				E268C0822A1F68FC00B15022 /* Mocking */,
				E268C07F2A1F687B00B15022 /* FakeResponse */,
			);
			path = NovelAppTests;
			sourceTree = "<group>";
		};
		E268C07F2A1F687B00B15022 /* FakeResponse */ = {
			isa = PBXGroup;
			children = (
				E268C0802A1F688900B15022 /* events.json */,
				E268C0A32A1FA2CA00B15022 /* eventsDetail.json */,
			);
			path = FakeResponse;
			sourceTree = "<group>";
		};
		E268C0822A1F68FC00B15022 /* Mocking */ = {
			isa = PBXGroup;
			children = (
				E268C0832A1F690B00B15022 /* FakeResponseData.swift */,
				E268C08D2A1F6A6C00B15022 /* URLSessionFake.swift */,
			);
			path = Mocking;
			sourceTree = "<group>";
		};
		E268C0852A1F691D00B15022 /* Constantes */ = {
			isa = PBXGroup;
			children = (
				E268C0862A1F692600B15022 /* URL.swift */,
				E268C09F2A1F8D8600B15022 /* APIKeys.swift */,
				E268C0B22A1FAD9100B15022 /* Error.swift */,
				E268C0CC2A1FBF8800B15022 /* Icons.swift */,
			);
			path = Constantes;
			sourceTree = "<group>";
		};
		E268C0892A1F697D00B15022 /* Constantes */ = {
			isa = PBXGroup;
			children = (
				E268C08A2A1F698600B15022 /* URL.swift */,
			);
			path = Constantes;
			sourceTree = "<group>";
		};
		E268C08F2A1F6ACA00B15022 /* Tests */ = {
			isa = PBXGroup;
			children = (
				E21131DF2A1F60CB007F00A5 /* EventsTests.swift */,
				E268C0D52A1FCFE800B15022 /* UtilsTest.swift */,
			);
			path = Tests;
			sourceTree = "<group>";
		};
		E268C0922A1F6B0900B15022 /* Services */ = {
			isa = PBXGroup;
			children = (
				E268C09C2A1F733400B15022 /* NetworkService.swift */,
				E268C0932A1F6B1500B15022 /* EventService.swift */,
			);
			path = Services;
			sourceTree = "<group>";
		};
		E268C0952A1F6B3B00B15022 /* Models */ = {
			isa = PBXGroup;
			children = (
				E268C0962A1F6B4800B15022 /* EventsResponse.swift */,
			);
			path = Models;
			sourceTree = "<group>";
		};
		E268C0992A1F72F600B15022 /* enums */ = {
			isa = PBXGroup;
			children = (
				E268C09A2A1F730B00B15022 /* NetworkError.swift */,
				E268C0A52A1FA53700B15022 /* Keys.swift */,
				E268C0AA2A1FAB5800B15022 /* LoadEventType.swift */,
				E268C0B42A1FAF2700B15022 /* TypeRequest.swift */,
			);
			path = enums;
			sourceTree = "<group>";
		};
		E268C0A72A1FAA2000B15022 /* Managers */ = {
			isa = PBXGroup;
			children = (
				E268C0A82A1FAA2D00B15022 /* EventsManager.swift */,
			);
			path = Managers;
			sourceTree = "<group>";
		};
		E268C0AC2A1FABEC00B15022 /* Views */ = {
			isa = PBXGroup;
			children = (
				E268C0CE2A1FCC6B00B15022 /* DetailView */,
				E268C0BB2A1FB6CB00B15022 /* Reusable */,
				E268C0AD2A1FABF200B15022 /* Home */,
			);
			path = Views;
			sourceTree = "<group>";
		};
		E268C0AD2A1FABF200B15022 /* Home */ = {
			isa = PBXGroup;
			children = (
				E268C0B02A1FAC0300B15022 /* HomeView.swift */,
				E268C0AE2A1FABFC00B15022 /* HomeViewModel.swift */,
			);
			path = Home;
			sourceTree = "<group>";
		};
		E268C0B62A1FB64F00B15022 /* MockData */ = {
			isa = PBXGroup;
			children = (
				E268C0B72A1FB66400B15022 /* events.json */,
				E268C0B92A1FB67700B15022 /* eventsDetail.json */,
			);
			path = MockData;
			sourceTree = "<group>";
		};
		E268C0BB2A1FB6CB00B15022 /* Reusable */ = {
			isa = PBXGroup;
			children = (
				E268C0BC2A1FB6DA00B15022 /* CardStructView.swift */,
			);
			path = Reusable;
			sourceTree = "<group>";
		};
		E268C0BE2A1FB6E600B15022 /* Style */ = {
			isa = PBXGroup;
			children = (
				E268C0BF2A1FB70E00B15022 /* Metrics.swift */,
				E268C0C12A1FB73D00B15022 /* Colors.swift */,
				E268C0C32A1FB77D00B15022 /* Fonts.swift */,
			);
			path = Style;
			sourceTree = "<group>";
		};
		E268C0C62A1FBA4D00B15022 /* Utils */ = {
			isa = PBXGroup;
			children = (
				E268C0C72A1FBA5F00B15022 /* ParsingUtils.swift */,
			);
			path = Utils;
			sourceTree = "<group>";
		};
		E268C0CE2A1FCC6B00B15022 /* DetailView */ = {
			isa = PBXGroup;
			children = (
				E268C0CF2A1FCC7700B15022 /* DetailView.swift */,
				E268C0D12A1FCC8000B15022 /* DetailViewModel.swift */,
			);
			path = DetailView;
			sourceTree = "<group>";
		};
/* End PBXGroup section */

/* Begin PBXNativeTarget section */
		E21131CA2A1F60C9007F00A5 /* NovelApp */ = {
			isa = PBXNativeTarget;
			buildConfigurationList = E21131EF2A1F60CB007F00A5 /* Build configuration list for PBXNativeTarget "NovelApp" */;
			buildPhases = (
				E268C08C2A1F69B800B15022 /* SwiftLint */,
				E268C0982A1F700500B15022 /* SwiftFormat */,
				E21131C72A1F60C9007F00A5 /* Sources */,
				E21131C82A1F60C9007F00A5 /* Frameworks */,
				E21131C92A1F60C9007F00A5 /* Resources */,
			);
			buildRules = (
			);
			dependencies = (
			);
			name = NovelApp;
			packageProductDependencies = (
				E268C0CA2A1FBCFA00B15022 /* Kingfisher */,
			);
			productName = NovelApp;
			productReference = E21131CB2A1F60C9007F00A5 /* NovelApp.app */;
			productType = "com.apple.product-type.application";
		};
		E21131DA2A1F60CB007F00A5 /* NovelAppTests */ = {
			isa = PBXNativeTarget;
			buildConfigurationList = E21131F22A1F60CB007F00A5 /* Build configuration list for PBXNativeTarget "NovelAppTests" */;
			buildPhases = (
				E21131D72A1F60CB007F00A5 /* Sources */,
				E21131D82A1F60CB007F00A5 /* Frameworks */,
				E21131D92A1F60CB007F00A5 /* Resources */,
			);
			buildRules = (
			);
			dependencies = (
				E21131DD2A1F60CB007F00A5 /* PBXTargetDependency */,
			);
			name = NovelAppTests;
			productName = NovelAppTests;
			productReference = E21131DB2A1F60CB007F00A5 /* NovelAppTests.xctest */;
			productType = "com.apple.product-type.bundle.unit-test";
		};
/* End PBXNativeTarget section */

/* Begin PBXProject section */
		E21131C32A1F60C9007F00A5 /* Project object */ = {
			isa = PBXProject;
			attributes = {
				BuildIndependentTargetsInParallel = 1;
				LastSwiftUpdateCheck = 1430;
				LastUpgradeCheck = 1430;
				TargetAttributes = {
					E21131CA2A1F60C9007F00A5 = {
						CreatedOnToolsVersion = 14.3;
					};
					E21131DA2A1F60CB007F00A5 = {
						CreatedOnToolsVersion = 14.3;
						TestTargetID = E21131CA2A1F60C9007F00A5;
					};
				};
			};
			buildConfigurationList = E21131C62A1F60C9007F00A5 /* Build configuration list for PBXProject "NovelApp" */;
			compatibilityVersion = "Xcode 14.0";
			developmentRegion = en;
			hasScannedForEncodings = 0;
			knownRegions = (
				en,
				Base,
			);
			mainGroup = E21131C22A1F60C9007F00A5;
			packageReferences = (
				E268C0C92A1FBCFA00B15022 /* XCRemoteSwiftPackageReference "Kingfisher" */,
			);
			productRefGroup = E21131CC2A1F60C9007F00A5 /* Products */;
			projectDirPath = "";
			projectRoot = "";
			targets = (
				E21131CA2A1F60C9007F00A5 /* NovelApp */,
				E21131DA2A1F60CB007F00A5 /* NovelAppTests */,
			);
		};
/* End PBXProject section */

/* Begin PBXResourcesBuildPhase section */
		E21131C92A1F60C9007F00A5 /* Resources */ = {
			isa = PBXResourcesBuildPhase;
			buildActionMask = 2147483647;
			files = (
				E21131D62A1F60CB007F00A5 /* Preview Assets.xcassets in Resources */,
				E268C0BA2A1FB67700B15022 /* eventsDetail.json in Resources */,
				E21131D32A1F60CB007F00A5 /* Assets.xcassets in Resources */,
				E268C0B82A1FB66400B15022 /* events.json in Resources */,
			);
			runOnlyForDeploymentPostprocessing = 0;
		};
		E21131D92A1F60CB007F00A5 /* Resources */ = {
			isa = PBXResourcesBuildPhase;
			buildActionMask = 2147483647;
			files = (
				E268C0812A1F688900B15022 /* events.json in Resources */,
				E268C0A42A1FA2CA00B15022 /* eventsDetail.json in Resources */,
			);
			runOnlyForDeploymentPostprocessing = 0;
		};
/* End PBXResourcesBuildPhase section */

/* Begin PBXShellScriptBuildPhase section */
		E268C08C2A1F69B800B15022 /* SwiftLint */ = {
			isa = PBXShellScriptBuildPhase;
			alwaysOutOfDate = 1;
			buildActionMask = 2147483647;
			files = (
			);
			inputFileListPaths = (
			);
			inputPaths = (
			);
			name = SwiftLint;
			outputFileListPaths = (
			);
			outputPaths = (
			);
			runOnlyForDeploymentPostprocessing = 0;
			shellPath = /bin/sh;
			shellScript = "export PATH=\"$PATH:/opt/homebrew/bin\"\nif which swiftlint > /dev/null; then\n  swiftlint\nelse\n  echo \"warning: SwiftLint not installed, download from https://github.com/realm/SwiftLint\"\nfi\n";
		};
		E268C0982A1F700500B15022 /* SwiftFormat */ = {
			isa = PBXShellScriptBuildPhase;
			buildActionMask = 2147483647;
			files = (
			);
			inputFileListPaths = (
			);
			inputPaths = (
			);
			name = SwiftFormat;
			outputFileListPaths = (
			);
			outputPaths = (
			);
			runOnlyForDeploymentPostprocessing = 0;
			shellPath = /bin/sh;
			shellScript = "
";
		};
/* End PBXShellScriptBuildPhase section */

/* Begin PBXSourcesBuildPhase section */
		E21131C72A1F60C9007F00A5 /* Sources */ = {
			isa = PBXSourcesBuildPhase;
			buildActionMask = 2147483647;
			files = (
				E268C0B52A1FAF2700B15022 /* TypeRequest.swift in Sources */,
				E268C0C22A1FB73D00B15022 /* Colors.swift in Sources */,
				E268C0C82A1FBA5F00B15022 /* ParsingUtils.swift in Sources */,
				E268C0942A1F6B1500B15022 /* EventService.swift in Sources */,
				E268C0B12A1FAC0300B15022 /* HomeView.swift in Sources */,
				E21131CF2A1F60C9007F00A5 /* NovelAppApp.swift in Sources */,
				E268C09B2A1F730B00B15022 /* NetworkError.swift in Sources */,
				E268C0872A1F692600B15022 /* URL.swift in Sources */,
				E268C0972A1F6B4800B15022 /* EventsResponse.swift in Sources */,
				E268C0D22A1FCC8000B15022 /* DetailViewModel.swift in Sources */,
				E268C0A02A1F8D8600B15022 /* APIKeys.swift in Sources */,
				E268C0D02A1FCC7700B15022 /* DetailView.swift in Sources */,
				E268C0BD2A1FB6DA00B15022 /* CardStructView.swift in Sources */,
				E268C0AF2A1FABFC00B15022 /* HomeViewModel.swift in Sources */,
				E268C0AB2A1FAB5800B15022 /* LoadEventType.swift in Sources */,
				E268C0CD2A1FBF8800B15022 /* Icons.swift in Sources */,
				E268C0A62A1FA53700B15022 /* Keys.swift in Sources */,
				E268C0C02A1FB70E00B15022 /* Metrics.swift in Sources */,
				E268C0A92A1FAA2D00B15022 /* EventsManager.swift in Sources */,
				E268C0B32A1FAD9100B15022 /* Error.swift in Sources */,
				E268C0C42A1FB77D00B15022 /* Fonts.swift in Sources */,
				E268C09D2A1F733400B15022 /* NetworkService.swift in Sources */,
			);
			runOnlyForDeploymentPostprocessing = 0;
		};
		E21131D72A1F60CB007F00A5 /* Sources */ = {
			isa = PBXSourcesBuildPhase;
			buildActionMask = 2147483647;
			files = (
				E21131E02A1F60CB007F00A5 /* EventsTests.swift in Sources */,
				E268C08E2A1F6A6C00B15022 /* URLSessionFake.swift in Sources */,
				E268C0D62A1FCFE800B15022 /* UtilsTest.swift in Sources */,
				E268C0842A1F690B00B15022 /* FakeResponseData.swift in Sources */,
				E268C08B2A1F698600B15022 /* URL.swift in Sources */,
			);
			runOnlyForDeploymentPostprocessing = 0;
		};
/* End PBXSourcesBuildPhase section */

/* Begin PBXTargetDependency section */
		E21131DD2A1F60CB007F00A5 /* PBXTargetDependency */ = {
			isa = PBXTargetDependency;
			target = E21131CA2A1F60C9007F00A5 /* NovelApp */;
			targetProxy = E21131DC2A1F60CB007F00A5 /* PBXContainerItemProxy */;
		};
/* End PBXTargetDependency section */

/* Begin XCBuildConfiguration section */
		E21131ED2A1F60CB007F00A5 /* Debug */ = {
			isa = XCBuildConfiguration;
			buildSettings = {
				ALWAYS_SEARCH_USER_PATHS = NO;
				CLANG_ANALYZER_NONNULL = YES;
				CLANG_ANALYZER_NUMBER_OBJECT_CONVERSION = YES_AGGRESSIVE;
				CLANG_CXX_LANGUAGE_STANDARD = "gnu++20";
				CLANG_ENABLE_MODULES = YES;
				CLANG_ENABLE_OBJC_ARC = YES;
				CLANG_ENABLE_OBJC_WEAK = YES;
				CLANG_WARN_BLOCK_CAPTURE_AUTORELEASING = YES;
				CLANG_WARN_BOOL_CONVERSION = YES;
				CLANG_WARN_COMMA = YES;
				CLANG_WARN_CONSTANT_CONVERSION = YES;
				CLANG_WARN_DEPRECATED_OBJC_IMPLEMENTATIONS = YES;
				CLANG_WARN_DIRECT_OBJC_ISA_USAGE = YES_ERROR;
				CLANG_WARN_DOCUMENTATION_COMMENTS = YES;
				CLANG_WARN_EMPTY_BODY = YES;
				CLANG_WARN_ENUM_CONVERSION = YES;
				CLANG_WARN_INFINITE_RECURSION = YES;
				CLANG_WARN_INT_CONVERSION = YES;
				CLANG_WARN_NON_LITERAL_NULL_CONVERSION = YES;
				CLANG_WARN_OBJC_IMPLICIT_RETAIN_SELF = YES;
				CLANG_WARN_OBJC_LITERAL_CONVERSION = YES;
				CLANG_WARN_OBJC_ROOT_CLASS = YES_ERROR;
				CLANG_WARN_QUOTED_INCLUDE_IN_FRAMEWORK_HEADER = YES;
				CLANG_WARN_RANGE_LOOP_ANALYSIS = YES;
				CLANG_WARN_STRICT_PROTOTYPES = YES;
				CLANG_WARN_SUSPICIOUS_MOVE = YES;
				CLANG_WARN_UNGUARDED_AVAILABILITY = YES_AGGRESSIVE;
				CLANG_WARN_UNREACHABLE_CODE = YES;
				CLANG_WARN__DUPLICATE_METHOD_MATCH = YES;
				COPY_PHASE_STRIP = NO;
				DEBUG_INFORMATION_FORMAT = dwarf;
				ENABLE_STRICT_OBJC_MSGSEND = YES;
				ENABLE_TESTABILITY = YES;
				GCC_C_LANGUAGE_STANDARD = gnu11;
				GCC_DYNAMIC_NO_PIC = NO;
				GCC_NO_COMMON_BLOCKS = YES;
				GCC_OPTIMIZATION_LEVEL = 0;
				GCC_PREPROCESSOR_DEFINITIONS = (
					"DEBUG=1",
					"$(inherited)",
				);
				GCC_WARN_64_TO_32_BIT_CONVERSION = YES;
				GCC_WARN_ABOUT_RETURN_TYPE = YES_ERROR;
				GCC_WARN_UNDECLARED_SELECTOR = YES;
				GCC_WARN_UNINITIALIZED_AUTOS = YES_AGGRESSIVE;
				GCC_WARN_UNUSED_FUNCTION = YES;
				GCC_WARN_UNUSED_VARIABLE = YES;
				IPHONEOS_DEPLOYMENT_TARGET = 16.4;
				MTL_ENABLE_DEBUG_INFO = INCLUDE_SOURCE;
				MTL_FAST_MATH = YES;
				ONLY_ACTIVE_ARCH = YES;
				SDKROOT = iphoneos;
				SWIFT_ACTIVE_COMPILATION_CONDITIONS = DEBUG;
				SWIFT_OPTIMIZATION_LEVEL = "-Onone";
			};
			name = Debug;
		};
		E21131EE2A1F60CB007F00A5 /* Release */ = {
			isa = XCBuildConfiguration;
			buildSettings = {
				ALWAYS_SEARCH_USER_PATHS = NO;
				CLANG_ANALYZER_NONNULL = YES;
				CLANG_ANALYZER_NUMBER_OBJECT_CONVERSION = YES_AGGRESSIVE;
				CLANG_CXX_LANGUAGE_STANDARD = "gnu++20";
				CLANG_ENABLE_MODULES = YES;
				CLANG_ENABLE_OBJC_ARC = YES;
				CLANG_ENABLE_OBJC_WEAK = YES;
				CLANG_WARN_BLOCK_CAPTURE_AUTORELEASING = YES;
				CLANG_WARN_BOOL_CONVERSION = YES;
				CLANG_WARN_COMMA = YES;
				CLANG_WARN_CONSTANT_CONVERSION = YES;
				CLANG_WARN_DEPRECATED_OBJC_IMPLEMENTATIONS = YES;
				CLANG_WARN_DIRECT_OBJC_ISA_USAGE = YES_ERROR;
				CLANG_WARN_DOCUMENTATION_COMMENTS = YES;
				CLANG_WARN_EMPTY_BODY = YES;
				CLANG_WARN_ENUM_CONVERSION = YES;
				CLANG_WARN_INFINITE_RECURSION = YES;
				CLANG_WARN_INT_CONVERSION = YES;
				CLANG_WARN_NON_LITERAL_NULL_CONVERSION = YES;
				CLANG_WARN_OBJC_IMPLICIT_RETAIN_SELF = YES;
				CLANG_WARN_OBJC_LITERAL_CONVERSION = YES;
				CLANG_WARN_OBJC_ROOT_CLASS = YES_ERROR;
				CLANG_WARN_QUOTED_INCLUDE_IN_FRAMEWORK_HEADER = YES;
				CLANG_WARN_RANGE_LOOP_ANALYSIS = YES;
				CLANG_WARN_STRICT_PROTOTYPES = YES;
				CLANG_WARN_SUSPICIOUS_MOVE = YES;
				CLANG_WARN_UNGUARDED_AVAILABILITY = YES_AGGRESSIVE;
				CLANG_WARN_UNREACHABLE_CODE = YES;
				CLANG_WARN__DUPLICATE_METHOD_MATCH = YES;
				COPY_PHASE_STRIP = NO;
				DEBUG_INFORMATION_FORMAT = "dwarf-with-dsym";
				ENABLE_NS_ASSERTIONS = NO;
				ENABLE_STRICT_OBJC_MSGSEND = YES;
				GCC_C_LANGUAGE_STANDARD = gnu11;
				GCC_NO_COMMON_BLOCKS = YES;
				GCC_WARN_64_TO_32_BIT_CONVERSION = YES;
				GCC_WARN_ABOUT_RETURN_TYPE = YES_ERROR;
				GCC_WARN_UNDECLARED_SELECTOR = YES;
				GCC_WARN_UNINITIALIZED_AUTOS = YES_AGGRESSIVE;
				GCC_WARN_UNUSED_FUNCTION = YES;
				GCC_WARN_UNUSED_VARIABLE = YES;
				IPHONEOS_DEPLOYMENT_TARGET = 16.4;
				MTL_ENABLE_DEBUG_INFO = NO;
				MTL_FAST_MATH = YES;
				SDKROOT = iphoneos;
				SWIFT_COMPILATION_MODE = wholemodule;
				SWIFT_OPTIMIZATION_LEVEL = "-O";
				VALIDATE_PRODUCT = YES;
			};
			name = Release;
		};
		E21131F02A1F60CB007F00A5 /* Debug */ = {
			isa = XCBuildConfiguration;
			buildSettings = {
				ASSETCATALOG_COMPILER_APPICON_NAME = AppIcon;
				ASSETCATALOG_COMPILER_GLOBAL_ACCENT_COLOR_NAME = AccentColor;
				CODE_SIGN_STYLE = Automatic;
				CURRENT_PROJECT_VERSION = 1;
				DEVELOPMENT_ASSET_PATHS = "\"NovelApp/Preview Content\"";
				DEVELOPMENT_TEAM = KPJ84PFU9W;
				ENABLE_PREVIEWS = YES;
				GENERATE_INFOPLIST_FILE = YES;
				INFOPLIST_FILE = NovelApp/Info.plist;
				INFOPLIST_KEY_UIApplicationSceneManifest_Generation = YES;
				INFOPLIST_KEY_UIApplicationSupportsIndirectInputEvents = YES;
				INFOPLIST_KEY_UILaunchScreen_Generation = YES;
				INFOPLIST_KEY_UISupportedInterfaceOrientations_iPad = "UIInterfaceOrientationPortrait UIInterfaceOrientationPortraitUpsideDown UIInterfaceOrientationLandscapeLeft UIInterfaceOrientationLandscapeRight";
				INFOPLIST_KEY_UISupportedInterfaceOrientations_iPhone = "UIInterfaceOrientationPortrait UIInterfaceOrientationLandscapeLeft UIInterfaceOrientationLandscapeRight";
				LD_RUNPATH_SEARCH_PATHS = (
					"$(inherited)",
					"@executable_path/Frameworks",
				);
				MARKETING_VERSION = 1.0;
				PRODUCT_BUNDLE_IDENTIFIER = fr.renaudcosson.com.NovelApp;
				PRODUCT_NAME = "$(TARGET_NAME)";
				SWIFT_EMIT_LOC_STRINGS = YES;
				SWIFT_VERSION = 5.0;
				TARGETED_DEVICE_FAMILY = "1,2";
			};
			name = Debug;
		};
		E21131F12A1F60CB007F00A5 /* Release */ = {
			isa = XCBuildConfiguration;
			buildSettings = {
				ASSETCATALOG_COMPILER_APPICON_NAME = AppIcon;
				ASSETCATALOG_COMPILER_GLOBAL_ACCENT_COLOR_NAME = AccentColor;
				CODE_SIGN_STYLE = Automatic;
				CURRENT_PROJECT_VERSION = 1;
				DEVELOPMENT_ASSET_PATHS = "\"NovelApp/Preview Content\"";
				DEVELOPMENT_TEAM = KPJ84PFU9W;
				ENABLE_PREVIEWS = YES;
				GENERATE_INFOPLIST_FILE = YES;
				INFOPLIST_FILE = NovelApp/Info.plist;
				INFOPLIST_KEY_UIApplicationSceneManifest_Generation = YES;
				INFOPLIST_KEY_UIApplicationSupportsIndirectInputEvents = YES;
				INFOPLIST_KEY_UILaunchScreen_Generation = YES;
				INFOPLIST_KEY_UISupportedInterfaceOrientations_iPad = "UIInterfaceOrientationPortrait UIInterfaceOrientationPortraitUpsideDown UIInterfaceOrientationLandscapeLeft UIInterfaceOrientationLandscapeRight";
				INFOPLIST_KEY_UISupportedInterfaceOrientations_iPhone = "UIInterfaceOrientationPortrait UIInterfaceOrientationLandscapeLeft UIInterfaceOrientationLandscapeRight";
				LD_RUNPATH_SEARCH_PATHS = (
					"$(inherited)",
					"@executable_path/Frameworks",
				);
				MARKETING_VERSION = 1.0;
				PRODUCT_BUNDLE_IDENTIFIER = fr.renaudcosson.com.NovelApp;
				PRODUCT_NAME = "$(TARGET_NAME)";
				SWIFT_EMIT_LOC_STRINGS = YES;
				SWIFT_VERSION = 5.0;
				TARGETED_DEVICE_FAMILY = "1,2";
			};
			name = Release;
		};
		E21131F32A1F60CB007F00A5 /* Debug */ = {
			isa = XCBuildConfiguration;
			buildSettings = {
				ALWAYS_EMBED_SWIFT_STANDARD_LIBRARIES = YES;
				BUNDLE_LOADER = "$(TEST_HOST)";
				CODE_SIGN_STYLE = Automatic;
				CURRENT_PROJECT_VERSION = 1;
				DEVELOPMENT_TEAM = KPJ84PFU9W;
				GENERATE_INFOPLIST_FILE = YES;
				IPHONEOS_DEPLOYMENT_TARGET = 16.4;
				MARKETING_VERSION = 1.0;
				PRODUCT_BUNDLE_IDENTIFIER = fr.renaudcosson.com.NovelAppTests;
				PRODUCT_NAME = "$(TARGET_NAME)";
				SWIFT_EMIT_LOC_STRINGS = NO;
				SWIFT_VERSION = 5.0;
				TARGETED_DEVICE_FAMILY = "1,2";
				TEST_HOST = "$(BUILT_PRODUCTS_DIR)/NovelApp.app/$(BUNDLE_EXECUTABLE_FOLDER_PATH)/NovelApp";
			};
			name = Debug;
		};
		E21131F42A1F60CB007F00A5 /* Release */ = {
			isa = XCBuildConfiguration;
			buildSettings = {
				ALWAYS_EMBED_SWIFT_STANDARD_LIBRARIES = YES;
				BUNDLE_LOADER = "$(TEST_HOST)";
				CODE_SIGN_STYLE = Automatic;
				CURRENT_PROJECT_VERSION = 1;
				DEVELOPMENT_TEAM = KPJ84PFU9W;
				GENERATE_INFOPLIST_FILE = YES;
				IPHONEOS_DEPLOYMENT_TARGET = 16.4;
				MARKETING_VERSION = 1.0;
				PRODUCT_BUNDLE_IDENTIFIER = fr.renaudcosson.com.NovelAppTests;
				PRODUCT_NAME = "$(TARGET_NAME)";
				SWIFT_EMIT_LOC_STRINGS = NO;
				SWIFT_VERSION = 5.0;
				TARGETED_DEVICE_FAMILY = "1,2";
				TEST_HOST = "$(BUILT_PRODUCTS_DIR)/NovelApp.app/$(BUNDLE_EXECUTABLE_FOLDER_PATH)/NovelApp";
			};
			name = Release;
		};
/* End XCBuildConfiguration section */

/* Begin XCConfigurationList section */
		E21131C62A1F60C9007F00A5 /* Build configuration list for PBXProject "NovelApp" */ = {
			isa = XCConfigurationList;
			buildConfigurations = (
				E21131ED2A1F60CB007F00A5 /* Debug */,
				E21131EE2A1F60CB007F00A5 /* Release */,
			);
			defaultConfigurationIsVisible = 0;
			defaultConfigurationName = Release;
		};
		E21131EF2A1F60CB007F00A5 /* Build configuration list for PBXNativeTarget "NovelApp" */ = {
			isa = XCConfigurationList;
			buildConfigurations = (
				E21131F02A1F60CB007F00A5 /* Debug */,
				E21131F12A1F60CB007F00A5 /* Release */,
			);
			defaultConfigurationIsVisible = 0;
			defaultConfigurationName = Release;
		};
		E21131F22A1F60CB007F00A5 /* Build configuration list for PBXNativeTarget "NovelAppTests" */ = {
			isa = XCConfigurationList;
			buildConfigurations = (
				E21131F32A1F60CB007F00A5 /* Debug */,
				E21131F42A1F60CB007F00A5 /* Release */,
			);
			defaultConfigurationIsVisible = 0;
			defaultConfigurationName = Release;
		};
/* End XCConfigurationList section */

/* Begin XCRemoteSwiftPackageReference section */
		E268C0C92A1FBCFA00B15022 /* XCRemoteSwiftPackageReference "Kingfisher" */ = {
			isa = XCRemoteSwiftPackageReference;
			repositoryURL = "https://github.com/onevcat/Kingfisher.git";
			requirement = {
				kind = upToNextMajorVersion;
				minimumVersion = 7.0.0;
			};
		};
/* End XCRemoteSwiftPackageReference section */

/* Begin XCSwiftPackageProductDependency section */
		E268C0CA2A1FBCFA00B15022 /* Kingfisher */ = {
			isa = XCSwiftPackageProductDependency;
			package = E268C0C92A1FBCFA00B15022 /* XCRemoteSwiftPackageReference "Kingfisher" */;
			productName = Kingfisher;
		};
/* End XCSwiftPackageProductDependency section */
	};
	rootObject = E21131C32A1F60C9007F00A5 /* Project object */;
}
